
Microsoft Visual Studio Solution File, Format Version 12.00
# Visual Studio 2012
Project("{FAE04EC0-301F-11D3-BF4B-00C04F79EFBC}") = "SudokuSolver", "SudokuSolver\SudokuSolver.csproj", "{867F92A5-3C5B-4CC5-A6FD-9F7F93DA7509}"
EndProject
Project("{FAE04EC0-301F-11D3-BF4B-00C04F79EFBC}") = "SudokuSolver.Droid", "Droid\SudokuSolver.Droid.csproj", "{CAD219C2-C9CC-42E0-A27D-1FF53129ED1F}"
EndProject
Project("{FAE04EC0-301F-11D3-BF4B-00C04F79EFBC}") = "SudokuSolver.iOS", "iOS\SudokuSolver.iOS.csproj", "{46F8654A-6B35-4C8D-B912-274D4B17A857}"
EndProject
Global
	GlobalSection(SolutionConfigurationPlatforms) = preSolution
		Debug|Any CPU = Debug|Any CPU
		Release|Any CPU = Release|Any CPU
		Debug|iPhoneSimulator = Debug|iPhoneSimulator
		Release|iPhone = Release|iPhone
		Release|iPhoneSimulator = Release|iPhoneSimulator
		Debug|iPhone = Debug|iPhone
	EndGlobalSection
	GlobalSection(ProjectConfigurationPlatforms) = postSolution
		{867F92A5-3C5B-4CC5-A6FD-9F7F93DA7509}.Debug|Any CPU.ActiveCfg = Debug|Any CPU
		{867F92A5-3C5B-4CC5-A6FD-9F7F93DA7509}.Debug|Any CPU.Build.0 = Debug|Any CPU
		{867F92A5-3C5B-4CC5-A6FD-9F7F93DA7509}.Release|Any CPU.ActiveCfg = Release|Any CPU
		{867F92A5-3C5B-4CC5-A6FD-9F7F93DA7509}.Release|Any CPU.Build.0 = Release|Any CPU
		{867F92A5-3C5B-4CC5-A6FD-9F7F93DA7509}.Debug|iPhoneSimulator.ActiveCfg = Debug|Any CPU
		{867F92A5-3C5B-4CC5-A6FD-9F7F93DA7509}.Debug|iPhoneSimulator.Build.0 = Debug|Any CPU
		{867F92A5-3C5B-4CC5-A6FD-9F7F93DA7509}.Release|iPhone.ActiveCfg = Release|Any CPU
		{867F92A5-3C5B-4CC5-A6FD-9F7F93DA7509}.Release|iPhone.Build.0 = Release|Any CPU
		{867F92A5-3C5B-4CC5-A6FD-9F7F93DA7509}.Release|iPhoneSimulator.ActiveCfg = Release|Any CPU
		{867F92A5-3C5B-4CC5-A6FD-9F7F93DA7509}.Release|iPhoneSimulator.Build.0 = Release|Any CPU
		{867F92A5-3C5B-4CC5-A6FD-9F7F93DA7509}.Debug|iPhone.ActiveCfg = Debug|Any CPU
		{867F92A5-3C5B-4CC5-A6FD-9F7F93DA7509}.Debug|iPhone.Build.0 = Debug|Any CPU
		{CAD219C2-C9CC-42E0-A27D-1FF53129ED1F}.Debug|Any CPU.ActiveCfg = Debug|Any CPU
		{CAD219C2-C9CC-42E0-A27D-1FF53129ED1F}.Debug|Any CPU.Build.0 = Debug|Any CPU
		{CAD219C2-C9CC-42E0-A27D-1FF53129ED1F}.Release|Any CPU.ActiveCfg = Release|Any CPU
		{CAD219C2-C9CC-42E0-A27D-1FF53129ED1F}.Release|Any CPU.Build.0 = Release|Any CPU
		{CAD219C2-C9CC-42E0-A27D-1FF53129ED1F}.Debug|iPhoneSimulator.ActiveCfg = Debug|Any CPU
		{CAD219C2-C9CC-42E0-A27D-1FF53129ED1F}.Debug|iPhoneSimulator.Build.0 = Debug|Any CPU
		{CAD219C2-C9CC-42E0-A27D-1FF53129ED1F}.Release|iPhone.ActiveCfg = Release|Any CPU
		{CAD219C2-C9CC-42E0-A27D-1FF53129ED1F}.Release|iPhone.Build.0 = Release|Any CPU
		{CAD219C2-C9CC-42E0-A27D-1FF53129ED1F}.Release|iPhoneSimulator.ActiveCfg = Release|Any CPU
		{CAD219C2-C9CC-42E0-A27D-1FF53129ED1F}.Release|iPhoneSimulator.Build.0 = Release|Any CPU
		{CAD219C2-C9CC-42E0-A27D-1FF53129ED1F}.Debug|iPhone.ActiveCfg = Debug|Any CPU
		{CAD219C2-C9CC-42E0-A27D-1FF53129ED1F}.Debug|iPhone.Build.0 = Debug|Any CPU
		{46F8654A-6B35-4C8D-B912-274D4B17A857}.Debug|Any CPU.ActiveCfg = Debug|iPhoneSimulator
		{46F8654A-6B35-4C8D-B912-274D4B17A857}.Debug|Any CPU.Build.0 = Debug|iPhoneSimulator
		{46F8654A-6B35-4C8D-B912-274D4B17A857}.Release|Any CPU.ActiveCfg = Release|iPhone
		{46F8654A-6B35-4C8D-B912-274D4B17A857}.Release|Any CPU.Build.0 = Release|iPhone
		{46F8654A-6B35-4C8D-B912-274D4B17A857}.Debug|iPhoneSimulator.ActiveCfg = Debug|iPhoneSimulator
		{46F8654A-6B35-4C8D-B912-274D4B17A857}.Debug|iPhoneSimulator.Build.0 = Debug|iPhoneSimulator
		{46F8654A-6B35-4C8D-B912-274D4B17A857}.Release|iPhone.ActiveCfg = Release|iPhone
		{46F8654A-6B35-4C8D-B912-274D4B17A857}.Release|iPhone.Build.0 = Release|iPhone
		{46F8654A-6B35-4C8D-B912-274D4B17A857}.Release|iPhoneSimulator.ActiveCfg = Release|iPhoneSimulator
		{46F8654A-6B35-4C8D-B912-274D4B17A857}.Release|iPhoneSimulator.Build.0 = Release|iPhoneSimulator
		{46F8654A-6B35-4C8D-B912-274D4B17A857}.Debug|iPhone.ActiveCfg = Debug|iPhone
		{46F8654A-6B35-4C8D-B912-274D4B17A857}.Debug|iPhone.Build.0 = Debug|iPhone
	EndGlobalSection
EndGlobal
